
Microsoft Visual Studio Solution File, Format Version 12.00
# Visual Studio Version 16
VisualStudioVersion = 16.0.29424.173
MinimumVisualStudioVersion = 10.0.40219.1
Project("{FAE04EC0-301F-11D3-BF4B-00C04F79EFBC}") = "Intervencije_VatrogasnihJedinica", "Intervencije_VatrogasnihJedinica\Intervencije_VatrogasnihJedinica.csproj", "{A10740CD-F120-44EC-8032-85A10BCCE76E}"
EndProject
Global
	GlobalSection(SolutionConfigurationPlatforms) = preSolution
		Debug|Any CPU = Debug|Any CPU
		Release|Any CPU = Release|Any CPU
	EndGlobalSection
	GlobalSection(ProjectConfigurationPlatforms) = postSolution
		{A10740CD-F120-44EC-8032-85A10BCCE76E}.Debug|Any CPU.ActiveCfg = Debug|Any CPU
		{A10740CD-F120-44EC-8032-85A10BCCE76E}.Debug|Any CPU.Build.0 = Debug|Any CPU
		{A10740CD-F120-44EC-8032-85A10BCCE76E}.Release|Any CPU.ActiveCfg = Release|Any CPU
		{A10740CD-F120-44EC-8032-85A10BCCE76E}.Release|Any CPU.Build.0 = Release|Any CPU
	EndGlobalSection
	GlobalSection(SolutionProperties) = preSolution
		HideSolutionNode = FALSE
	EndGlobalSection
	GlobalSection(ExtensibilityGlobals) = postSolution
		SolutionGuid = {4F288702-BD92-4C7E-8E0B-516CFDCFEAE5}
	EndGlobalSection
EndGlobal
